
Microsoft Visual Studio Solution File, Format Version 12.00
# Visual Studio 15
VisualStudioVersion = 15.0.26403.7
MinimumVisualStudioVersion = 10.0.40219.1
Project("{FAE04EC0-301F-11D3-BF4B-00C04F79EFBC}") = "QuizForms", "QuizForms\QuizForms.csproj", "{A40C4C20-163E-4813-92A9-7B5C4CDEF7CE}"
EndProject
Project("{2150E333-8FDC-42A3-9474-1A3956D46DE8}") = "Solution Items", "Solution Items", "{BE969292-3D38-4AAE-A829-36DA2540738E}"
	ProjectSection(SolutionItems) = preProject
		readme.md = readme.md
	EndProjectSection
EndProject
Project("{FAE04EC0-301F-11D3-BF4B-00C04F79EFBC}") = "QuizFormsSDK", "QuizFormsSDK\QuizFormsSDK.csproj", "{2574F603-4B6C-4A30-BFDD-E3BC09EEDFDF}"
EndProject
Project("{9A19103F-16F7-4668-BE54-9A1E7A4F7556}") = "EzCoreKit", "..\..\EzCoreKit\EzCoreKit\EzCoreKit.csproj", "{2BDD6E84-E63B-4051-8697-2F7430E10BB0}"
EndProject
Project("{9A19103F-16F7-4668-BE54-9A1E7A4F7556}") = "EzCoreKit.AspNetCore", "..\..\EzCoreKit\EzCoreKit.AspNetCore\EzCoreKit.AspNetCore.csproj", "{CCD0C914-135D-416F-BC71-9A655046DF31}"
EndProject
Global
	GlobalSection(SolutionConfigurationPlatforms) = preSolution
		Debug|Any CPU = Debug|Any CPU
		Release|Any CPU = Release|Any CPU
	EndGlobalSection
	GlobalSection(ProjectConfigurationPlatforms) = postSolution
		{A40C4C20-163E-4813-92A9-7B5C4CDEF7CE}.Debug|Any CPU.ActiveCfg = Debug|Any CPU
		{A40C4C20-163E-4813-92A9-7B5C4CDEF7CE}.Debug|Any CPU.Build.0 = Debug|Any CPU
		{A40C4C20-163E-4813-92A9-7B5C4CDEF7CE}.Release|Any CPU.ActiveCfg = Release|Any CPU
		{A40C4C20-163E-4813-92A9-7B5C4CDEF7CE}.Release|Any CPU.Build.0 = Release|Any CPU
		{2574F603-4B6C-4A30-BFDD-E3BC09EEDFDF}.Debug|Any CPU.ActiveCfg = Debug|Any CPU
		{2574F603-4B6C-4A30-BFDD-E3BC09EEDFDF}.Debug|Any CPU.Build.0 = Debug|Any CPU
		{2574F603-4B6C-4A30-BFDD-E3BC09EEDFDF}.Release|Any CPU.ActiveCfg = Release|Any CPU
		{2574F603-4B6C-4A30-BFDD-E3BC09EEDFDF}.Release|Any CPU.Build.0 = Release|Any CPU
		{2BDD6E84-E63B-4051-8697-2F7430E10BB0}.Debug|Any CPU.ActiveCfg = Debug|Any CPU
		{2BDD6E84-E63B-4051-8697-2F7430E10BB0}.Debug|Any CPU.Build.0 = Debug|Any CPU
		{2BDD6E84-E63B-4051-8697-2F7430E10BB0}.Release|Any CPU.ActiveCfg = Release|Any CPU
		{2BDD6E84-E63B-4051-8697-2F7430E10BB0}.Release|Any CPU.Build.0 = Release|Any CPU
		{CCD0C914-135D-416F-BC71-9A655046DF31}.Debug|Any CPU.ActiveCfg = Debug|Any CPU
		{CCD0C914-135D-416F-BC71-9A655046DF31}.Debug|Any CPU.Build.0 = Debug|Any CPU
		{CCD0C914-135D-416F-BC71-9A655046DF31}.Release|Any CPU.ActiveCfg = Release|Any CPU
		{CCD0C914-135D-416F-BC71-9A655046DF31}.Release|Any CPU.Build.0 = Release|Any CPU
	EndGlobalSection
	GlobalSection(SolutionProperties) = preSolution
		HideSolutionNode = FALSE
	EndGlobalSection
EndGlobal
